
Microsoft Visual Studio Solution File, Format Version 12.00
# Visual Studio 15
VisualStudioVersion = 15.0.28307.1259
MinimumVisualStudioVersion = 10.0.40219.1
Project("{FAE04EC0-301F-11D3-BF4B-00C04F79EFBC}") = "Sales.Android", "Sales\Sales.Android\Sales.Android.csproj", "{1D6B7442-44D4-45D4-BDB6-7A35D6E4288D}"
EndProject
Project("{FAE04EC0-301F-11D3-BF4B-00C04F79EFBC}") = "Sales.iOS", "Sales\Sales.iOS\Sales.iOS.csproj", "{BA6A6809-250D-49CF-A9B9-0975DFEFD0CA}"
EndProject
Project("{FAE04EC0-301F-11D3-BF4B-00C04F79EFBC}") = "Sales.UWP", "Sales\Sales.UWP\Sales.UWP.csproj", "{DD091E9E-5693-4FC2-9737-6E652FE789E5}"
EndProject
Project("{FAE04EC0-301F-11D3-BF4B-00C04F79EFBC}") = "Sales", "Sales\Sales\Sales.csproj", "{2F4EDE80-761D-4654-860B-60744B07F07E}"
EndProject
Project("{FAE04EC0-301F-11D3-BF4B-00C04F79EFBC}") = "Sales.Backend", "Sales.Backend\Sales.Backend.csproj", "{F3B81166-B105-431E-BFCD-85DD898D2AD7}"
EndProject
Project("{FAE04EC0-301F-11D3-BF4B-00C04F79EFBC}") = "Sales.API", "Sales.API\Sales.API.csproj", "{9E8533EE-9015-4312-A772-913238A49C55}"
EndProject
Project("{FAE04EC0-301F-11D3-BF4B-00C04F79EFBC}") = "Sales.Domain", "Sales.Domain\Sales.Domain.csproj", "{8E4C8B37-01C2-4D82-A3BF-AFE5DE61FF42}"
EndProject
Project("{FAE04EC0-301F-11D3-BF4B-00C04F79EFBC}") = "Sales.Common", "Sales.Common\Sales.Common.csproj", "{10CA7289-E1ED-47AF-BD78-C819DEE3869F}"
EndProject
Global
	GlobalSection(SolutionConfigurationPlatforms) = preSolution
		Ad-Hoc|Any CPU = Ad-Hoc|Any CPU
		Ad-Hoc|ARM = Ad-Hoc|ARM
		Ad-Hoc|iPhone = Ad-Hoc|iPhone
		Ad-Hoc|iPhoneSimulator = Ad-Hoc|iPhoneSimulator
		Ad-Hoc|x64 = Ad-Hoc|x64
		Ad-Hoc|x86 = Ad-Hoc|x86
		AppStore|Any CPU = AppStore|Any CPU
		AppStore|ARM = AppStore|ARM
		AppStore|iPhone = AppStore|iPhone
		AppStore|iPhoneSimulator = AppStore|iPhoneSimulator
		AppStore|x64 = AppStore|x64
		AppStore|x86 = AppStore|x86
		Debug|Any CPU = Debug|Any CPU
		Debug|ARM = Debug|ARM
		Debug|iPhone = Debug|iPhone
		Debug|iPhoneSimulator = Debug|iPhoneSimulator
		Debug|x64 = Debug|x64
		Debug|x86 = Debug|x86
		Release|Any CPU = Release|Any CPU
		Release|ARM = Release|ARM
		Release|iPhone = Release|iPhone
		Release|iPhoneSimulator = Release|iPhoneSimulator
		Release|x64 = Release|x64
		Release|x86 = Release|x86
	EndGlobalSection
	GlobalSection(ProjectConfigurationPlatforms) = postSolution
		{1D6B7442-44D4-45D4-BDB6-7A35D6E4288D}.Ad-Hoc|Any CPU.ActiveCfg = Release|Any CPU
		{1D6B7442-44D4-45D4-BDB6-7A35D6E4288D}.Ad-Hoc|Any CPU.Build.0 = Release|Any CPU
		{1D6B7442-44D4-45D4-BDB6-7A35D6E4288D}.Ad-Hoc|Any CPU.Deploy.0 = Release|Any CPU
		{1D6B7442-44D4-45D4-BDB6-7A35D6E4288D}.Ad-Hoc|ARM.ActiveCfg = Release|Any CPU
		{1D6B7442-44D4-45D4-BDB6-7A35D6E4288D}.Ad-Hoc|ARM.Build.0 = Release|Any CPU
		{1D6B7442-44D4-45D4-BDB6-7A35D6E4288D}.Ad-Hoc|ARM.Deploy.0 = Release|Any CPU
		{1D6B7442-44D4-45D4-BDB6-7A35D6E4288D}.Ad-Hoc|iPhone.ActiveCfg = Release|Any CPU
		{1D6B7442-44D4-45D4-BDB6-7A35D6E4288D}.Ad-Hoc|iPhone.Build.0 = Release|Any CPU
		{1D6B7442-44D4-45D4-BDB6-7A35D6E4288D}.Ad-Hoc|iPhone.Deploy.0 = Release|Any CPU
		{1D6B7442-44D4-45D4-BDB6-7A35D6E4288D}.Ad-Hoc|iPhoneSimulator.ActiveCfg = Release|Any CPU
		{1D6B7442-44D4-45D4-BDB6-7A35D6E4288D}.Ad-Hoc|iPhoneSimulator.Build.0 = Release|Any CPU
		{1D6B7442-44D4-45D4-BDB6-7A35D6E4288D}.Ad-Hoc|iPhoneSimulator.Deploy.0 = Release|Any CPU
		{1D6B7442-44D4-45D4-BDB6-7A35D6E4288D}.Ad-Hoc|x64.ActiveCfg = Release|Any CPU
		{1D6B7442-44D4-45D4-BDB6-7A35D6E4288D}.Ad-Hoc|x64.Build.0 = Release|Any CPU
		{1D6B7442-44D4-45D4-BDB6-7A35D6E4288D}.Ad-Hoc|x64.Deploy.0 = Release|Any CPU
		{1D6B7442-44D4-45D4-BDB6-7A35D6E4288D}.Ad-Hoc|x86.ActiveCfg = Release|Any CPU
		{1D6B7442-44D4-45D4-BDB6-7A35D6E4288D}.Ad-Hoc|x86.Build.0 = Release|Any CPU
		{1D6B7442-44D4-45D4-BDB6-7A35D6E4288D}.Ad-Hoc|x86.Deploy.0 = Release|Any CPU
		{1D6B7442-44D4-45D4-BDB6-7A35D6E4288D}.AppStore|Any CPU.ActiveCfg = Release|Any CPU
		{1D6B7442-44D4-45D4-BDB6-7A35D6E4288D}.AppStore|Any CPU.Build.0 = Release|Any CPU
		{1D6B7442-44D4-45D4-BDB6-7A35D6E4288D}.AppStore|Any CPU.Deploy.0 = Release|Any CPU
		{1D6B7442-44D4-45D4-BDB6-7A35D6E4288D}.AppStore|ARM.ActiveCfg = Release|Any CPU
		{1D6B7442-44D4-45D4-BDB6-7A35D6E4288D}.AppStore|ARM.Build.0 = Release|Any CPU
		{1D6B7442-44D4-45D4-BDB6-7A35D6E4288D}.AppStore|ARM.Deploy.0 = Release|Any CPU
		{1D6B7442-44D4-45D4-BDB6-7A35D6E4288D}.AppStore|iPhone.ActiveCfg = Release|Any CPU
		{1D6B7442-44D4-45D4-BDB6-7A35D6E4288D}.AppStore|iPhone.Build.0 = Release|Any CPU
		{1D6B7442-44D4-45D4-BDB6-7A35D6E4288D}.AppStore|iPhone.Deploy.0 = Release|Any CPU
		{1D6B7442-44D4-45D4-BDB6-7A35D6E4288D}.AppStore|iPhoneSimulator.ActiveCfg = Release|Any CPU
		{1D6B7442-44D4-45D4-BDB6-7A35D6E4288D}.AppStore|iPhoneSimulator.Build.0 = Release|Any CPU
		{1D6B7442-44D4-45D4-BDB6-7A35D6E4288D}.AppStore|iPhoneSimulator.Deploy.0 = Release|Any CPU
		{1D6B7442-44D4-45D4-BDB6-7A35D6E4288D}.AppStore|x64.ActiveCfg = Release|Any CPU
		{1D6B7442-44D4-45D4-BDB6-7A35D6E4288D}.AppStore|x64.Build.0 = Release|Any CPU
		{1D6B7442-44D4-45D4-BDB6-7A35D6E4288D}.AppStore|x64.Deploy.0 = Release|Any CPU
		{1D6B7442-44D4-45D4-BDB6-7A35D6E4288D}.AppStore|x86.ActiveCfg = Release|Any CPU
		{1D6B7442-44D4-45D4-BDB6-7A35D6E4288D}.AppStore|x86.Build.0 = Release|Any CPU
		{1D6B7442-44D4-45D4-BDB6-7A35D6E4288D}.AppStore|x86.Deploy.0 = Release|Any CPU
		{1D6B7442-44D4-45D4-BDB6-7A35D6E4288D}.Debug|Any CPU.ActiveCfg = Debug|Any CPU
		{1D6B7442-44D4-45D4-BDB6-7A35D6E4288D}.Debug|Any CPU.Build.0 = Debug|Any CPU
		{1D6B7442-44D4-45D4-BDB6-7A35D6E4288D}.Debug|Any CPU.Deploy.0 = Debug|Any CPU
		{1D6B7442-44D4-45D4-BDB6-7A35D6E4288D}.Debug|ARM.ActiveCfg = Debug|Any CPU
		{1D6B7442-44D4-45D4-BDB6-7A35D6E4288D}.Debug|ARM.Build.0 = Debug|Any CPU
		{1D6B7442-44D4-45D4-BDB6-7A35D6E4288D}.Debug|ARM.Deploy.0 = Debug|Any CPU
		{1D6B7442-44D4-45D4-BDB6-7A35D6E4288D}.Debug|iPhone.ActiveCfg = Debug|Any CPU
		{1D6B7442-44D4-45D4-BDB6-7A35D6E4288D}.Debug|iPhone.Build.0 = Debug|Any CPU
		{1D6B7442-44D4-45D4-BDB6-7A35D6E4288D}.Debug|iPhone.Deploy.0 = Debug|Any CPU
		{1D6B7442-44D4-45D4-BDB6-7A35D6E4288D}.Debug|iPhoneSimulator.ActiveCfg = Debug|Any CPU
		{1D6B7442-44D4-45D4-BDB6-7A35D6E4288D}.Debug|iPhoneSimulator.Build.0 = Debug|Any CPU
		{1D6B7442-44D4-45D4-BDB6-7A35D6E4288D}.Debug|iPhoneSimulator.Deploy.0 = Debug|Any CPU
		{1D6B7442-44D4-45D4-BDB6-7A35D6E4288D}.Debug|x64.ActiveCfg = Debug|Any CPU
		{1D6B7442-44D4-45D4-BDB6-7A35D6E4288D}.Debug|x64.Build.0 = Debug|Any CPU
		{1D6B7442-44D4-45D4-BDB6-7A35D6E4288D}.Debug|x64.Deploy.0 = Debug|Any CPU
		{1D6B7442-44D4-45D4-BDB6-7A35D6E4288D}.Debug|x86.ActiveCfg = Debug|Any CPU
		{1D6B7442-44D4-45D4-BDB6-7A35D6E4288D}.Debug|x86.Build.0 = Debug|Any CPU
		{1D6B7442-44D4-45D4-BDB6-7A35D6E4288D}.Debug|x86.Deploy.0 = Debug|Any CPU
		{1D6B7442-44D4-45D4-BDB6-7A35D6E4288D}.Release|Any CPU.ActiveCfg = Release|Any CPU
		{1D6B7442-44D4-45D4-BDB6-7A35D6E4288D}.Release|Any CPU.Build.0 = Release|Any CPU
		{1D6B7442-44D4-45D4-BDB6-7A35D6E4288D}.Release|Any CPU.Deploy.0 = Release|Any CPU
		{1D6B7442-44D4-45D4-BDB6-7A35D6E4288D}.Release|ARM.ActiveCfg = Release|Any CPU
		{1D6B7442-44D4-45D4-BDB6-7A35D6E4288D}.Release|ARM.Build.0 = Release|Any CPU
		{1D6B7442-44D4-45D4-BDB6-7A35D6E4288D}.Release|ARM.Deploy.0 = Release|Any CPU
		{1D6B7442-44D4-45D4-BDB6-7A35D6E4288D}.Release|iPhone.ActiveCfg = Release|Any CPU
		{1D6B7442-44D4-45D4-BDB6-7A35D6E4288D}.Release|iPhone.Build.0 = Release|Any CPU
		{1D6B7442-44D4-45D4-BDB6-7A35D6E4288D}.Release|iPhone.Deploy.0 = Release|Any CPU
		{1D6B7442-44D4-45D4-BDB6-7A35D6E4288D}.Release|iPhoneSimulator.ActiveCfg = Release|Any CPU
		{1D6B7442-44D4-45D4-BDB6-7A35D6E4288D}.Release|iPhoneSimulator.Build.0 = Release|Any CPU
		{1D6B7442-44D4-45D4-BDB6-7A35D6E4288D}.Release|iPhoneSimulator.Deploy.0 = Release|Any CPU
		{1D6B7442-44D4-45D4-BDB6-7A35D6E4288D}.Release|x64.ActiveCfg = Release|Any CPU
		{1D6B7442-44D4-45D4-BDB6-7A35D6E4288D}.Release|x64.Build.0 = Release|Any CPU
		{1D6B7442-44D4-45D4-BDB6-7A35D6E4288D}.Release|x64.Deploy.0 = Release|Any CPU
		{1D6B7442-44D4-45D4-BDB6-7A35D6E4288D}.Release|x86.ActiveCfg = Release|Any CPU
		{1D6B7442-44D4-45D4-BDB6-7A35D6E4288D}.Release|x86.Build.0 = Release|Any CPU
		{1D6B7442-44D4-45D4-BDB6-7A35D6E4288D}.Release|x86.Deploy.0 = Release|Any CPU
		{BA6A6809-250D-49CF-A9B9-0975DFEFD0CA}.Ad-Hoc|Any CPU.ActiveCfg = Ad-Hoc|iPhone
		{BA6A6809-250D-49CF-A9B9-0975DFEFD0CA}.Ad-Hoc|Any CPU.Build.0 = Ad-Hoc|iPhone
		{BA6A6809-250D-49CF-A9B9-0975DFEFD0CA}.Ad-Hoc|Any CPU.Deploy.0 = Ad-Hoc|iPhone
		{BA6A6809-250D-49CF-A9B9-0975DFEFD0CA}.Ad-Hoc|ARM.ActiveCfg = Ad-Hoc|iPhone
		{BA6A6809-250D-49CF-A9B9-0975DFEFD0CA}.Ad-Hoc|ARM.Build.0 = Ad-Hoc|iPhone
		{BA6A6809-250D-49CF-A9B9-0975DFEFD0CA}.Ad-Hoc|ARM.Deploy.0 = Ad-Hoc|iPhone
		{BA6A6809-250D-49CF-A9B9-0975DFEFD0CA}.Ad-Hoc|iPhone.ActiveCfg = Ad-Hoc|iPhone
		{BA6A6809-250D-49CF-A9B9-0975DFEFD0CA}.Ad-Hoc|iPhone.Build.0 = Ad-Hoc|iPhone
		{BA6A6809-250D-49CF-A9B9-0975DFEFD0CA}.Ad-Hoc|iPhone.Deploy.0 = Ad-Hoc|iPhone
		{BA6A6809-250D-49CF-A9B9-0975DFEFD0CA}.Ad-Hoc|iPhoneSimulator.ActiveCfg = Ad-Hoc|iPhoneSimulator
		{BA6A6809-250D-49CF-A9B9-0975DFEFD0CA}.Ad-Hoc|iPhoneSimulator.Build.0 = Ad-Hoc|iPhoneSimulator
		{BA6A6809-250D-49CF-A9B9-0975DFEFD0CA}.Ad-Hoc|iPhoneSimulator.Deploy.0 = Ad-Hoc|iPhoneSimulator
		{BA6A6809-250D-49CF-A9B9-0975DFEFD0CA}.Ad-Hoc|x64.ActiveCfg = Ad-Hoc|iPhone
		{BA6A6809-250D-49CF-A9B9-0975DFEFD0CA}.Ad-Hoc|x64.Build.0 = Ad-Hoc|iPhone
		{BA6A6809-250D-49CF-A9B9-0975DFEFD0CA}.Ad-Hoc|x64.Deploy.0 = Ad-Hoc|iPhone
		{BA6A6809-250D-49CF-A9B9-0975DFEFD0CA}.Ad-Hoc|x86.ActiveCfg = Ad-Hoc|iPhone
		{BA6A6809-250D-49CF-A9B9-0975DFEFD0CA}.Ad-Hoc|x86.Build.0 = Ad-Hoc|iPhone
		{BA6A6809-250D-49CF-A9B9-0975DFEFD0CA}.Ad-Hoc|x86.Deploy.0 = Ad-Hoc|iPhone
		{BA6A6809-250D-49CF-A9B9-0975DFEFD0CA}.AppStore|Any CPU.ActiveCfg = AppStore|iPhone
		{BA6A6809-250D-49CF-A9B9-0975DFEFD0CA}.AppStore|Any CPU.Build.0 = AppStore|iPhone
		{BA6A6809-250D-49CF-A9B9-0975DFEFD0CA}.AppStore|Any CPU.Deploy.0 = AppStore|iPhone
		{BA6A6809-250D-49CF-A9B9-0975DFEFD0CA}.AppStore|ARM.ActiveCfg = AppStore|iPhone
		{BA6A6809-250D-49CF-A9B9-0975DFEFD0CA}.AppStore|ARM.Build.0 = AppStore|iPhone
		{BA6A6809-250D-49CF-A9B9-0975DFEFD0CA}.AppStore|ARM.Deploy.0 = AppStore|iPhone
		{BA6A6809-250D-49CF-A9B9-0975DFEFD0CA}.AppStore|iPhone.ActiveCfg = AppStore|iPhone
		{BA6A6809-250D-49CF-A9B9-0975DFEFD0CA}.AppStore|iPhone.Build.0 = AppStore|iPhone
		{BA6A6809-250D-49CF-A9B9-0975DFEFD0CA}.AppStore|iPhone.Deploy.0 = AppStore|iPhone
		{BA6A6809-250D-49CF-A9B9-0975DFEFD0CA}.AppStore|iPhoneSimulator.ActiveCfg = AppStore|iPhoneSimulator
		{BA6A6809-250D-49CF-A9B9-0975DFEFD0CA}.AppStore|iPhoneSimulator.Build.0 = AppStore|iPhoneSimulator
		{BA6A6809-250D-49CF-A9B9-0975DFEFD0CA}.AppStore|iPhoneSimulator.Deploy.0 = AppStore|iPhoneSimulator
		{BA6A6809-250D-49CF-A9B9-0975DFEFD0CA}.AppStore|x64.ActiveCfg = AppStore|iPhone
		{BA6A6809-250D-49CF-A9B9-0975DFEFD0CA}.AppStore|x64.Build.0 = AppStore|iPhone
		{BA6A6809-250D-49CF-A9B9-0975DFEFD0CA}.AppStore|x64.Deploy.0 = AppStore|iPhone
		{BA6A6809-250D-49CF-A9B9-0975DFEFD0CA}.AppStore|x86.ActiveCfg = AppStore|iPhone
		{BA6A6809-250D-49CF-A9B9-0975DFEFD0CA}.AppStore|x86.Build.0 = AppStore|iPhone
		{BA6A6809-250D-49CF-A9B9-0975DFEFD0CA}.AppStore|x86.Deploy.0 = AppStore|iPhone
		{BA6A6809-250D-49CF-A9B9-0975DFEFD0CA}.Debug|Any CPU.ActiveCfg = Debug|iPhoneSimulator
		{BA6A6809-250D-49CF-A9B9-0975DFEFD0CA}.Debug|Any CPU.Build.0 = Debug|iPhoneSimulator
		{BA6A6809-250D-49CF-A9B9-0975DFEFD0CA}.Debug|Any CPU.Deploy.0 = Debug|iPhoneSimulator
		{BA6A6809-250D-49CF-A9B9-0975DFEFD0CA}.Debug|ARM.ActiveCfg = Debug|iPhone
		{BA6A6809-250D-49CF-A9B9-0975DFEFD0CA}.Debug|ARM.Build.0 = Debug|iPhone
		{BA6A6809-250D-49CF-A9B9-0975DFEFD0CA}.Debug|ARM.Deploy.0 = Debug|iPhone
		{BA6A6809-250D-49CF-A9B9-0975DFEFD0CA}.Debug|iPhone.ActiveCfg = Debug|iPhone
		{BA6A6809-250D-49CF-A9B9-0975DFEFD0CA}.Debug|iPhone.Build.0 = Debug|iPhone
		{BA6A6809-250D-49CF-A9B9-0975DFEFD0CA}.Debug|iPhone.Deploy.0 = Debug|iPhone
		{BA6A6809-250D-49CF-A9B9-0975DFEFD0CA}.Debug|iPhoneSimulator.ActiveCfg = Debug|iPhoneSimulator
		{BA6A6809-250D-49CF-A9B9-0975DFEFD0CA}.Debug|iPhoneSimulator.Build.0 = Debug|iPhoneSimulator
		{BA6A6809-250D-49CF-A9B9-0975DFEFD0CA}.Debug|iPhoneSimulator.Deploy.0 = Debug|iPhoneSimulator
		{BA6A6809-250D-49CF-A9B9-0975DFEFD0CA}.Debug|x64.ActiveCfg = Debug|iPhone
		{BA6A6809-250D-49CF-A9B9-0975DFEFD0CA}.Debug|x64.Build.0 = Debug|iPhone
		{BA6A6809-250D-49CF-A9B9-0975DFEFD0CA}.Debug|x64.Deploy.0 = Debug|iPhone
		{BA6A6809-250D-49CF-A9B9-0975DFEFD0CA}.Debug|x86.ActiveCfg = Debug|iPhone
		{BA6A6809-250D-49CF-A9B9-0975DFEFD0CA}.Debug|x86.Build.0 = Debug|iPhone
		{BA6A6809-250D-49CF-A9B9-0975DFEFD0CA}.Debug|x86.Deploy.0 = Debug|iPhone
		{BA6A6809-250D-49CF-A9B9-0975DFEFD0CA}.Release|Any CPU.ActiveCfg = Release|iPhone
		{BA6A6809-250D-49CF-A9B9-0975DFEFD0CA}.Release|Any CPU.Build.0 = Release|iPhone
		{BA6A6809-250D-49CF-A9B9-0975DFEFD0CA}.Release|Any CPU.Deploy.0 = Release|iPhone
		{BA6A6809-250D-49CF-A9B9-0975DFEFD0CA}.Release|ARM.ActiveCfg = Release|iPhone
		{BA6A6809-250D-49CF-A9B9-0975DFEFD0CA}.Release|ARM.Build.0 = Release|iPhone
		{BA6A6809-250D-49CF-A9B9-0975DFEFD0CA}.Release|ARM.Deploy.0 = Release|iPhone
		{BA6A6809-250D-49CF-A9B9-0975DFEFD0CA}.Release|iPhone.ActiveCfg = Release|iPhone
		{BA6A6809-250D-49CF-A9B9-0975DFEFD0CA}.Release|iPhone.Build.0 = Release|iPhone
		{BA6A6809-250D-49CF-A9B9-0975DFEFD0CA}.Release|iPhone.Deploy.0 = Release|iPhone
		{BA6A6809-250D-49CF-A9B9-0975DFEFD0CA}.Release|iPhoneSimulator.ActiveCfg = Release|iPhoneSimulator
		{BA6A6809-250D-49CF-A9B9-0975DFEFD0CA}.Release|iPhoneSimulator.Build.0 = Release|iPhoneSimulator
		{BA6A6809-250D-49CF-A9B9-0975DFEFD0CA}.Release|iPhoneSimulator.Deploy.0 = Release|iPhoneSimulator
		{BA6A6809-250D-49CF-A9B9-0975DFEFD0CA}.Release|x64.ActiveCfg = Release|iPhone
		{BA6A6809-250D-49CF-A9B9-0975DFEFD0CA}.Release|x64.Build.0 = Release|iPhone
		{BA6A6809-250D-49CF-A9B9-0975DFEFD0CA}.Release|x64.Deploy.0 = Release|iPhone
		{BA6A6809-250D-49CF-A9B9-0975DFEFD0CA}.Release|x86.ActiveCfg = Release|iPhone
		{BA6A6809-250D-49CF-A9B9-0975DFEFD0CA}.Release|x86.Build.0 = Release|iPhone
		{BA6A6809-250D-49CF-A9B9-0975DFEFD0CA}.Release|x86.Deploy.0 = Release|iPhone
		{DD091E9E-5693-4FC2-9737-6E652FE789E5}.Ad-Hoc|Any CPU.ActiveCfg = Release|x86
		{DD091E9E-5693-4FC2-9737-6E652FE789E5}.Ad-Hoc|Any CPU.Build.0 = Release|x86
		{DD091E9E-5693-4FC2-9737-6E652FE789E5}.Ad-Hoc|Any CPU.Deploy.0 = Release|x86
		{DD091E9E-5693-4FC2-9737-6E652FE789E5}.Ad-Hoc|ARM.ActiveCfg = Release|ARM
		{DD091E9E-5693-4FC2-9737-6E652FE789E5}.Ad-Hoc|ARM.Build.0 = Release|ARM
		{DD091E9E-5693-4FC2-9737-6E652FE789E5}.Ad-Hoc|ARM.Deploy.0 = Release|ARM
		{DD091E9E-5693-4FC2-9737-6E652FE789E5}.Ad-Hoc|iPhone.ActiveCfg = Release|x86
		{DD091E9E-5693-4FC2-9737-6E652FE789E5}.Ad-Hoc|iPhone.Build.0 = Release|x86
		{DD091E9E-5693-4FC2-9737-6E652FE789E5}.Ad-Hoc|iPhone.Deploy.0 = Release|x86
		{DD091E9E-5693-4FC2-9737-6E652FE789E5}.Ad-Hoc|iPhoneSimulator.ActiveCfg = Release|x86
		{DD091E9E-5693-4FC2-9737-6E652FE789E5}.Ad-Hoc|iPhoneSimulator.Build.0 = Release|x86
		{DD091E9E-5693-4FC2-9737-6E652FE789E5}.Ad-Hoc|iPhoneSimulator.Deploy.0 = Release|x86
		{DD091E9E-5693-4FC2-9737-6E652FE789E5}.Ad-Hoc|x64.ActiveCfg = Release|x64
		{DD091E9E-5693-4FC2-9737-6E652FE789E5}.Ad-Hoc|x64.Build.0 = Release|x64
		{DD091E9E-5693-4FC2-9737-6E652FE789E5}.Ad-Hoc|x64.Deploy.0 = Release|x64
		{DD091E9E-5693-4FC2-9737-6E652FE789E5}.Ad-Hoc|x86.ActiveCfg = Release|x86
		{DD091E9E-5693-4FC2-9737-6E652FE789E5}.Ad-Hoc|x86.Build.0 = Release|x86
		{DD091E9E-5693-4FC2-9737-6E652FE789E5}.Ad-Hoc|x86.Deploy.0 = Release|x86
		{DD091E9E-5693-4FC2-9737-6E652FE789E5}.AppStore|Any CPU.ActiveCfg = Release|x86
		{DD091E9E-5693-4FC2-9737-6E652FE789E5}.AppStore|Any CPU.Build.0 = Release|x86
		{DD091E9E-5693-4FC2-9737-6E652FE789E5}.AppStore|Any CPU.Deploy.0 = Release|x86
		{DD091E9E-5693-4FC2-9737-6E652FE789E5}.AppStore|ARM.ActiveCfg = Release|ARM
		{DD091E9E-5693-4FC2-9737-6E652FE789E5}.AppStore|ARM.Build.0 = Release|ARM
		{DD091E9E-5693-4FC2-9737-6E652FE789E5}.AppStore|ARM.Deploy.0 = Release|ARM
		{DD091E9E-5693-4FC2-9737-6E652FE789E5}.AppStore|iPhone.ActiveCfg = Release|x86
		{DD091E9E-5693-4FC2-9737-6E652FE789E5}.AppStore|iPhone.Build.0 = Release|x86
		{DD091E9E-5693-4FC2-9737-6E652FE789E5}.AppStore|iPhone.Deploy.0 = Release|x86
		{DD091E9E-5693-4FC2-9737-6E652FE789E5}.AppStore|iPhoneSimulator.ActiveCfg = Release|x86
		{DD091E9E-5693-4FC2-9737-6E652FE789E5}.AppStore|iPhoneSimulator.Build.0 = Release|x86
		{DD091E9E-5693-4FC2-9737-6E652FE789E5}.AppStore|iPhoneSimulator.Deploy.0 = Release|x86
		{DD091E9E-5693-4FC2-9737-6E652FE789E5}.AppStore|x64.ActiveCfg = Release|x64
		{DD091E9E-5693-4FC2-9737-6E652FE789E5}.AppStore|x64.Build.0 = Release|x64
		{DD091E9E-5693-4FC2-9737-6E652FE789E5}.AppStore|x64.Deploy.0 = Release|x64
		{DD091E9E-5693-4FC2-9737-6E652FE789E5}.AppStore|x86.ActiveCfg = Release|x86
		{DD091E9E-5693-4FC2-9737-6E652FE789E5}.AppStore|x86.Build.0 = Release|x86
		{DD091E9E-5693-4FC2-9737-6E652FE789E5}.AppStore|x86.Deploy.0 = Release|x86
		{DD091E9E-5693-4FC2-9737-6E652FE789E5}.Debug|Any CPU.ActiveCfg = Debug|x86
		{DD091E9E-5693-4FC2-9737-6E652FE789E5}.Debug|Any CPU.Build.0 = Debug|x86
		{DD091E9E-5693-4FC2-9737-6E652FE789E5}.Debug|Any CPU.Deploy.0 = Debug|x86
		{DD091E9E-5693-4FC2-9737-6E652FE789E5}.Debug|ARM.ActiveCfg = Debug|ARM
		{DD091E9E-5693-4FC2-9737-6E652FE789E5}.Debug|ARM.Build.0 = Debug|ARM
		{DD091E9E-5693-4FC2-9737-6E652FE789E5}.Debug|ARM.Deploy.0 = Debug|ARM
		{DD091E9E-5693-4FC2-9737-6E652FE789E5}.Debug|iPhone.ActiveCfg = Debug|x86
		{DD091E9E-5693-4FC2-9737-6E652FE789E5}.Debug|iPhone.Build.0 = Debug|x86
		{DD091E9E-5693-4FC2-9737-6E652FE789E5}.Debug|iPhone.Deploy.0 = Debug|x86
		{DD091E9E-5693-4FC2-9737-6E652FE789E5}.Debug|iPhoneSimulator.ActiveCfg = Debug|x86
		{DD091E9E-5693-4FC2-9737-6E652FE789E5}.Debug|iPhoneSimulator.Build.0 = Debug|x86
		{DD091E9E-5693-4FC2-9737-6E652FE789E5}.Debug|iPhoneSimulator.Deploy.0 = Debug|x86
		{DD091E9E-5693-4FC2-9737-6E652FE789E5}.Debug|x64.ActiveCfg = Debug|x64
		{DD091E9E-5693-4FC2-9737-6E652FE789E5}.Debug|x64.Build.0 = Debug|x64
		{DD091E9E-5693-4FC2-9737-6E652FE789E5}.Debug|x64.Deploy.0 = Debug|x64
		{DD091E9E-5693-4FC2-9737-6E652FE789E5}.Debug|x86.ActiveCfg = Debug|x86
		{DD091E9E-5693-4FC2-9737-6E652FE789E5}.Debug|x86.Build.0 = Debug|x86
		{DD091E9E-5693-4FC2-9737-6E652FE789E5}.Debug|x86.Deploy.0 = Debug|x86
		{DD091E9E-5693-4FC2-9737-6E652FE789E5}.Release|Any CPU.ActiveCfg = Release|x86
		{DD091E9E-5693-4FC2-9737-6E652FE789E5}.Release|Any CPU.Build.0 = Release|x86
		{DD091E9E-5693-4FC2-9737-6E652FE789E5}.Release|Any CPU.Deploy.0 = Release|x86
		{DD091E9E-5693-4FC2-9737-6E652FE789E5}.Release|ARM.ActiveCfg = Release|ARM
		{DD091E9E-5693-4FC2-9737-6E652FE789E5}.Release|ARM.Build.0 = Release|ARM
		{DD091E9E-5693-4FC2-9737-6E652FE789E5}.Release|ARM.Deploy.0 = Release|ARM
		{DD091E9E-5693-4FC2-9737-6E652FE789E5}.Release|iPhone.ActiveCfg = Release|x86
		{DD091E9E-5693-4FC2-9737-6E652FE789E5}.Release|iPhone.Build.0 = Release|x86
		{DD091E9E-5693-4FC2-9737-6E652FE789E5}.Release|iPhone.Deploy.0 = Release|x86
		{DD091E9E-5693-4FC2-9737-6E652FE789E5}.Release|iPhoneSimulator.ActiveCfg = Release|x86
		{DD091E9E-5693-4FC2-9737-6E652FE789E5}.Release|iPhoneSimulator.Build.0 = Release|x86
		{DD091E9E-5693-4FC2-9737-6E652FE789E5}.Release|iPhoneSimulator.Deploy.0 = Release|x86
		{DD091E9E-5693-4FC2-9737-6E652FE789E5}.Release|x64.ActiveCfg = Release|x64
		{DD091E9E-5693-4FC2-9737-6E652FE789E5}.Release|x64.Build.0 = Release|x64
		{DD091E9E-5693-4FC2-9737-6E652FE789E5}.Release|x64.Deploy.0 = Release|x64
		{DD091E9E-5693-4FC2-9737-6E652FE789E5}.Release|x86.ActiveCfg = Release|x86
		{DD091E9E-5693-4FC2-9737-6E652FE789E5}.Release|x86.Build.0 = Release|x86
		{DD091E9E-5693-4FC2-9737-6E652FE789E5}.Release|x86.Deploy.0 = Release|x86
		{2F4EDE80-761D-4654-860B-60744B07F07E}.Ad-Hoc|Any CPU.ActiveCfg = Debug|Any CPU
		{2F4EDE80-761D-4654-860B-60744B07F07E}.Ad-Hoc|Any CPU.Build.0 = Debug|Any CPU
		{2F4EDE80-761D-4654-860B-60744B07F07E}.Ad-Hoc|Any CPU.Deploy.0 = Debug|Any CPU
		{2F4EDE80-761D-4654-860B-60744B07F07E}.Ad-Hoc|ARM.ActiveCfg = Debug|Any CPU
		{2F4EDE80-761D-4654-860B-60744B07F07E}.Ad-Hoc|ARM.Build.0 = Debug|Any CPU
		{2F4EDE80-761D-4654-860B-60744B07F07E}.Ad-Hoc|ARM.Deploy.0 = Debug|Any CPU
		{2F4EDE80-761D-4654-860B-60744B07F07E}.Ad-Hoc|iPhone.ActiveCfg = Debug|Any CPU
		{2F4EDE80-761D-4654-860B-60744B07F07E}.Ad-Hoc|iPhone.Build.0 = Debug|Any CPU
		{2F4EDE80-761D-4654-860B-60744B07F07E}.Ad-Hoc|iPhone.Deploy.0 = Debug|Any CPU
		{2F4EDE80-761D-4654-860B-60744B07F07E}.Ad-Hoc|iPhoneSimulator.ActiveCfg = Debug|Any CPU
		{2F4EDE80-761D-4654-860B-60744B07F07E}.Ad-Hoc|iPhoneSimulator.Build.0 = Debug|Any CPU
		{2F4EDE80-761D-4654-860B-60744B07F07E}.Ad-Hoc|iPhoneSimulator.Deploy.0 = Debug|Any CPU
		{2F4EDE80-761D-4654-860B-60744B07F07E}.Ad-Hoc|x64.ActiveCfg = Debug|Any CPU
		{2F4EDE80-761D-4654-860B-60744B07F07E}.Ad-Hoc|x64.Build.0 = Debug|Any CPU
		{2F4EDE80-761D-4654-860B-60744B07F07E}.Ad-Hoc|x64.Deploy.0 = Debug|Any CPU
		{2F4EDE80-761D-4654-860B-60744B07F07E}.Ad-Hoc|x86.ActiveCfg = Debug|Any CPU
		{2F4EDE80-761D-4654-860B-60744B07F07E}.Ad-Hoc|x86.Build.0 = Debug|Any CPU
		{2F4EDE80-761D-4654-860B-60744B07F07E}.Ad-Hoc|x86.Deploy.0 = Debug|Any CPU
		{2F4EDE80-761D-4654-860B-60744B07F07E}.AppStore|Any CPU.ActiveCfg = Debug|Any CPU
		{2F4EDE80-761D-4654-860B-60744B07F07E}.AppStore|Any CPU.Build.0 = Debug|Any CPU
		{2F4EDE80-761D-4654-860B-60744B07F07E}.AppStore|Any CPU.Deploy.0 = Debug|Any CPU
		{2F4EDE80-761D-4654-860B-60744B07F07E}.AppStore|ARM.ActiveCfg = Debug|Any CPU
		{2F4EDE80-761D-4654-860B-60744B07F07E}.AppStore|ARM.Build.0 = Debug|Any CPU
		{2F4EDE80-761D-4654-860B-60744B07F07E}.AppStore|ARM.Deploy.0 = Debug|Any CPU
		{2F4EDE80-761D-4654-860B-60744B07F07E}.AppStore|iPhone.ActiveCfg = Debug|Any CPU
		{2F4EDE80-761D-4654-860B-60744B07F07E}.AppStore|iPhone.Build.0 = Debug|Any CPU
		{2F4EDE80-761D-4654-860B-60744B07F07E}.AppStore|iPhone.Deploy.0 = Debug|Any CPU
		{2F4EDE80-761D-4654-860B-60744B07F07E}.AppStore|iPhoneSimulator.ActiveCfg = Debug|Any CPU
		{2F4EDE80-761D-4654-860B-60744B07F07E}.AppStore|iPhoneSimulator.Build.0 = Debug|Any CPU
		{2F4EDE80-761D-4654-860B-60744B07F07E}.AppStore|iPhoneSimulator.Deploy.0 = Debug|Any CPU
		{2F4EDE80-761D-4654-860B-60744B07F07E}.AppStore|x64.ActiveCfg = Debug|Any CPU
		{2F4EDE80-761D-4654-860B-60744B07F07E}.AppStore|x64.Build.0 = Debug|Any CPU
		{2F4EDE80-761D-4654-860B-60744B07F07E}.AppStore|x64.Deploy.0 = Debug|Any CPU
		{2F4EDE80-761D-4654-860B-60744B07F07E}.AppStore|x86.ActiveCfg = Debug|Any CPU
		{2F4EDE80-761D-4654-860B-60744B07F07E}.AppStore|x86.Build.0 = Debug|Any CPU
		{2F4EDE80-761D-4654-860B-60744B07F07E}.AppStore|x86.Deploy.0 = Debug|Any CPU
		{2F4EDE80-761D-4654-860B-60744B07F07E}.Debug|Any CPU.ActiveCfg = Debug|Any CPU
		{2F4EDE80-761D-4654-860B-60744B07F07E}.Debug|Any CPU.Build.0 = Debug|Any CPU
		{2F4EDE80-761D-4654-860B-60744B07F07E}.Debug|Any CPU.Deploy.0 = Debug|Any CPU
		{2F4EDE80-761D-4654-860B-60744B07F07E}.Debug|ARM.ActiveCfg = Debug|Any CPU
		{2F4EDE80-761D-4654-860B-60744B07F07E}.Debug|ARM.Build.0 = Debug|Any CPU
		{2F4EDE80-761D-4654-860B-60744B07F07E}.Debug|ARM.Deploy.0 = Debug|Any CPU
		{2F4EDE80-761D-4654-860B-60744B07F07E}.Debug|iPhone.ActiveCfg = Debug|Any CPU
		{2F4EDE80-761D-4654-860B-60744B07F07E}.Debug|iPhone.Build.0 = Debug|Any CPU
		{2F4EDE80-761D-4654-860B-60744B07F07E}.Debug|iPhone.Deploy.0 = Debug|Any CPU
		{2F4EDE80-761D-4654-860B-60744B07F07E}.Debug|iPhoneSimulator.ActiveCfg = Debug|Any CPU
		{2F4EDE80-761D-4654-860B-60744B07F07E}.Debug|iPhoneSimulator.Build.0 = Debug|Any CPU
		{2F4EDE80-761D-4654-860B-60744B07F07E}.Debug|iPhoneSimulator.Deploy.0 = Debug|Any CPU
		{2F4EDE80-761D-4654-860B-60744B07F07E}.Debug|x64.ActiveCfg = Debug|Any CPU
		{2F4EDE80-761D-4654-860B-60744B07F07E}.Debug|x64.Build.0 = Debug|Any CPU
		{2F4EDE80-761D-4654-860B-60744B07F07E}.Debug|x64.Deploy.0 = Debug|Any CPU
		{2F4EDE80-761D-4654-860B-60744B07F07E}.Debug|x86.ActiveCfg = Debug|Any CPU
		{2F4EDE80-761D-4654-860B-60744B07F07E}.Debug|x86.Build.0 = Debug|Any CPU
		{2F4EDE80-761D-4654-860B-60744B07F07E}.Debug|x86.Deploy.0 = Debug|Any CPU
		{2F4EDE80-761D-4654-860B-60744B07F07E}.Release|Any CPU.ActiveCfg = Release|Any CPU
		{2F4EDE80-761D-4654-860B-60744B07F07E}.Release|Any CPU.Build.0 = Release|Any CPU
		{2F4EDE80-761D-4654-860B-60744B07F07E}.Release|Any CPU.Deploy.0 = Release|Any CPU
		{2F4EDE80-761D-4654-860B-60744B07F07E}.Release|ARM.ActiveCfg = Release|Any CPU
		{2F4EDE80-761D-4654-860B-60744B07F07E}.Release|ARM.Build.0 = Release|Any CPU
		{2F4EDE80-761D-4654-860B-60744B07F07E}.Release|ARM.Deploy.0 = Release|Any CPU
		{2F4EDE80-761D-4654-860B-60744B07F07E}.Release|iPhone.ActiveCfg = Release|Any CPU
		{2F4EDE80-761D-4654-860B-60744B07F07E}.Release|iPhone.Build.0 = Release|Any CPU
		{2F4EDE80-761D-4654-860B-60744B07F07E}.Release|iPhone.Deploy.0 = Release|Any CPU
		{2F4EDE80-761D-4654-860B-60744B07F07E}.Release|iPhoneSimulator.ActiveCfg = Release|Any CPU
		{2F4EDE80-761D-4654-860B-60744B07F07E}.Release|iPhoneSimulator.Build.0 = Release|Any CPU
		{2F4EDE80-761D-4654-860B-60744B07F07E}.Release|iPhoneSimulator.Deploy.0 = Release|Any CPU
		{2F4EDE80-761D-4654-860B-60744B07F07E}.Release|x64.ActiveCfg = Release|Any CPU
		{2F4EDE80-761D-4654-860B-60744B07F07E}.Release|x64.Build.0 = Release|Any CPU
		{2F4EDE80-761D-4654-860B-60744B07F07E}.Release|x64.Deploy.0 = Release|Any CPU
		{2F4EDE80-761D-4654-860B-60744B07F07E}.Release|x86.ActiveCfg = Release|Any CPU
		{2F4EDE80-761D-4654-860B-60744B07F07E}.Release|x86.Build.0 = Release|Any CPU
		{2F4EDE80-761D-4654-860B-60744B07F07E}.Release|x86.Deploy.0 = Release|Any CPU
		{F3B81166-B105-431E-BFCD-85DD898D2AD7}.Ad-Hoc|Any CPU.ActiveCfg = Release|Any CPU
		{F3B81166-B105-431E-BFCD-85DD898D2AD7}.Ad-Hoc|Any CPU.Build.0 = Release|Any CPU
		{F3B81166-B105-431E-BFCD-85DD898D2AD7}.Ad-Hoc|ARM.ActiveCfg = Release|Any CPU
		{F3B81166-B105-431E-BFCD-85DD898D2AD7}.Ad-Hoc|ARM.Build.0 = Release|Any CPU
		{F3B81166-B105-431E-BFCD-85DD898D2AD7}.Ad-Hoc|iPhone.ActiveCfg = Release|Any CPU
		{F3B81166-B105-431E-BFCD-85DD898D2AD7}.Ad-Hoc|iPhone.Build.0 = Release|Any CPU
		{F3B81166-B105-431E-BFCD-85DD898D2AD7}.Ad-Hoc|iPhoneSimulator.ActiveCfg = Release|Any CPU
		{F3B81166-B105-431E-BFCD-85DD898D2AD7}.Ad-Hoc|iPhoneSimulator.Build.0 = Release|Any CPU
		{F3B81166-B105-431E-BFCD-85DD898D2AD7}.Ad-Hoc|x64.ActiveCfg = Release|Any CPU
		{F3B81166-B105-431E-BFCD-85DD898D2AD7}.Ad-Hoc|x64.Build.0 = Release|Any CPU
		{F3B81166-B105-431E-BFCD-85DD898D2AD7}.Ad-Hoc|x86.ActiveCfg = Release|Any CPU
		{F3B81166-B105-431E-BFCD-85DD898D2AD7}.Ad-Hoc|x86.Build.0 = Release|Any CPU
		{F3B81166-B105-431E-BFCD-85DD898D2AD7}.AppStore|Any CPU.ActiveCfg = Release|Any CPU
		{F3B81166-B105-431E-BFCD-85DD898D2AD7}.AppStore|Any CPU.Build.0 = Release|Any CPU
		{F3B81166-B105-431E-BFCD-85DD898D2AD7}.AppStore|ARM.ActiveCfg = Release|Any CPU
		{F3B81166-B105-431E-BFCD-85DD898D2AD7}.AppStore|ARM.Build.0 = Release|Any CPU
		{F3B81166-B105-431E-BFCD-85DD898D2AD7}.AppStore|iPhone.ActiveCfg = Release|Any CPU
		{F3B81166-B105-431E-BFCD-85DD898D2AD7}.AppStore|iPhone.Build.0 = Release|Any CPU
		{F3B81166-B105-431E-BFCD-85DD898D2AD7}.AppStore|iPhoneSimulator.ActiveCfg = Release|Any CPU
		{F3B81166-B105-431E-BFCD-85DD898D2AD7}.AppStore|iPhoneSimulator.Build.0 = Release|Any CPU
		{F3B81166-B105-431E-BFCD-85DD898D2AD7}.AppStore|x64.ActiveCfg = Release|Any CPU
		{F3B81166-B105-431E-BFCD-85DD898D2AD7}.AppStore|x64.Build.0 = Release|Any CPU
		{F3B81166-B105-431E-BFCD-85DD898D2AD7}.AppStore|x86.ActiveCfg = Release|Any CPU
		{F3B81166-B105-431E-BFCD-85DD898D2AD7}.AppStore|x86.Build.0 = Release|Any CPU
		{F3B81166-B105-431E-BFCD-85DD898D2AD7}.Debug|Any CPU.ActiveCfg = Debug|Any CPU
		{F3B81166-B105-431E-BFCD-85DD898D2AD7}.Debug|Any CPU.Build.0 = Debug|Any CPU
		{F3B81166-B105-431E-BFCD-85DD898D2AD7}.Debug|ARM.ActiveCfg = Debug|Any CPU
		{F3B81166-B105-431E-BFCD-85DD898D2AD7}.Debug|ARM.Build.0 = Debug|Any CPU
		{F3B81166-B105-431E-BFCD-85DD898D2AD7}.Debug|iPhone.ActiveCfg = Debug|Any CPU
		{F3B81166-B105-431E-BFCD-85DD898D2AD7}.Debug|iPhone.Build.0 = Debug|Any CPU
		{F3B81166-B105-431E-BFCD-85DD898D2AD7}.Debug|iPhoneSimulator.ActiveCfg = Debug|Any CPU
		{F3B81166-B105-431E-BFCD-85DD898D2AD7}.Debug|iPhoneSimulator.Build.0 = Debug|Any CPU
		{F3B81166-B105-431E-BFCD-85DD898D2AD7}.Debug|x64.ActiveCfg = Debug|Any CPU
		{F3B81166-B105-431E-BFCD-85DD898D2AD7}.Debug|x64.Build.0 = Debug|Any CPU
		{F3B81166-B105-431E-BFCD-85DD898D2AD7}.Debug|x86.ActiveCfg = Debug|Any CPU
		{F3B81166-B105-431E-BFCD-85DD898D2AD7}.Debug|x86.Build.0 = Debug|Any CPU
		{F3B81166-B105-431E-BFCD-85DD898D2AD7}.Release|Any CPU.ActiveCfg = Release|Any CPU
		{F3B81166-B105-431E-BFCD-85DD898D2AD7}.Release|Any CPU.Build.0 = Release|Any CPU
		{F3B81166-B105-431E-BFCD-85DD898D2AD7}.Release|ARM.ActiveCfg = Release|Any CPU
		{F3B81166-B105-431E-BFCD-85DD898D2AD7}.Release|ARM.Build.0 = Release|Any CPU
		{F3B81166-B105-431E-BFCD-85DD898D2AD7}.Release|iPhone.ActiveCfg = Release|Any CPU
		{F3B81166-B105-431E-BFCD-85DD898D2AD7}.Release|iPhone.Build.0 = Release|Any CPU
		{F3B81166-B105-431E-BFCD-85DD898D2AD7}.Release|iPhoneSimulator.ActiveCfg = Release|Any CPU
		{F3B81166-B105-431E-BFCD-85DD898D2AD7}.Release|iPhoneSimulator.Build.0 = Release|Any CPU
		{F3B81166-B105-431E-BFCD-85DD898D2AD7}.Release|x64.ActiveCfg = Release|Any CPU
		{F3B81166-B105-431E-BFCD-85DD898D2AD7}.Release|x64.Build.0 = Release|Any CPU
		{F3B81166-B105-431E-BFCD-85DD898D2AD7}.Release|x86.ActiveCfg = Release|Any CPU
		{F3B81166-B105-431E-BFCD-85DD898D2AD7}.Release|x86.Build.0 = Release|Any CPU
		{9E8533EE-9015-4312-A772-913238A49C55}.Ad-Hoc|Any CPU.ActiveCfg = Release|Any CPU
		{9E8533EE-9015-4312-A772-913238A49C55}.Ad-Hoc|Any CPU.Build.0 = Release|Any CPU
		{9E8533EE-9015-4312-A772-913238A49C55}.Ad-Hoc|ARM.ActiveCfg = Release|Any CPU
		{9E8533EE-9015-4312-A772-913238A49C55}.Ad-Hoc|ARM.Build.0 = Release|Any CPU
		{9E8533EE-9015-4312-A772-913238A49C55}.Ad-Hoc|iPhone.ActiveCfg = Release|Any CPU
		{9E8533EE-9015-4312-A772-913238A49C55}.Ad-Hoc|iPhone.Build.0 = Release|Any CPU
		{9E8533EE-9015-4312-A772-913238A49C55}.Ad-Hoc|iPhoneSimulator.ActiveCfg = Release|Any CPU
		{9E8533EE-9015-4312-A772-913238A49C55}.Ad-Hoc|iPhoneSimulator.Build.0 = Release|Any CPU
		{9E8533EE-9015-4312-A772-913238A49C55}.Ad-Hoc|x64.ActiveCfg = Release|Any CPU
		{9E8533EE-9015-4312-A772-913238A49C55}.Ad-Hoc|x64.Build.0 = Release|Any CPU
		{9E8533EE-9015-4312-A772-913238A49C55}.Ad-Hoc|x86.ActiveCfg = Release|Any CPU
		{9E8533EE-9015-4312-A772-913238A49C55}.Ad-Hoc|x86.Build.0 = Release|Any CPU
		{9E8533EE-9015-4312-A772-913238A49C55}.AppStore|Any CPU.ActiveCfg = Release|Any CPU
		{9E8533EE-9015-4312-A772-913238A49C55}.AppStore|Any CPU.Build.0 = Release|Any CPU
		{9E8533EE-9015-4312-A772-913238A49C55}.AppStore|ARM.ActiveCfg = Release|Any CPU
		{9E8533EE-9015-4312-A772-913238A49C55}.AppStore|ARM.Build.0 = Release|Any CPU
		{9E8533EE-9015-4312-A772-913238A49C55}.AppStore|iPhone.ActiveCfg = Release|Any CPU
		{9E8533EE-9015-4312-A772-913238A49C55}.AppStore|iPhone.Build.0 = Release|Any CPU
		{9E8533EE-9015-4312-A772-913238A49C55}.AppStore|iPhoneSimulator.ActiveCfg = Release|Any CPU
		{9E8533EE-9015-4312-A772-913238A49C55}.AppStore|iPhoneSimulator.Build.0 = Release|Any CPU
		{9E8533EE-9015-4312-A772-913238A49C55}.AppStore|x64.ActiveCfg = Release|Any CPU
		{9E8533EE-9015-4312-A772-913238A49C55}.AppStore|x64.Build.0 = Release|Any CPU
		{9E8533EE-9015-4312-A772-913238A49C55}.AppStore|x86.ActiveCfg = Release|Any CPU
		{9E8533EE-9015-4312-A772-913238A49C55}.AppStore|x86.Build.0 = Release|Any CPU
		{9E8533EE-9015-4312-A772-913238A49C55}.Debug|Any CPU.ActiveCfg = Debug|Any CPU
		{9E8533EE-9015-4312-A772-913238A49C55}.Debug|Any CPU.Build.0 = Debug|Any CPU
		{9E8533EE-9015-4312-A772-913238A49C55}.Debug|ARM.ActiveCfg = Debug|Any CPU
		{9E8533EE-9015-4312-A772-913238A49C55}.Debug|ARM.Build.0 = Debug|Any CPU
		{9E8533EE-9015-4312-A772-913238A49C55}.Debug|iPhone.ActiveCfg = Debug|Any CPU
		{9E8533EE-9015-4312-A772-913238A49C55}.Debug|iPhone.Build.0 = Debug|Any CPU
		{9E8533EE-9015-4312-A772-913238A49C55}.Debug|iPhoneSimulator.ActiveCfg = Debug|Any CPU
		{9E8533EE-9015-4312-A772-913238A49C55}.Debug|iPhoneSimulator.Build.0 = Debug|Any CPU
		{9E8533EE-9015-4312-A772-913238A49C55}.Debug|x64.ActiveCfg = Debug|Any CPU
		{9E8533EE-9015-4312-A772-913238A49C55}.Debug|x64.Build.0 = Debug|Any CPU
		{9E8533EE-9015-4312-A772-913238A49C55}.Debug|x86.ActiveCfg = Debug|Any CPU
		{9E8533EE-9015-4312-A772-913238A49C55}.Debug|x86.Build.0 = Debug|Any CPU
		{9E8533EE-9015-4312-A772-913238A49C55}.Release|Any CPU.ActiveCfg = Release|Any CPU
		{9E8533EE-9015-4312-A772-913238A49C55}.Release|Any CPU.Build.0 = Release|Any CPU
		{9E8533EE-9015-4312-A772-913238A49C55}.Release|ARM.ActiveCfg = Release|Any CPU
		{9E8533EE-9015-4312-A772-913238A49C55}.Release|ARM.Build.0 = Release|Any CPU
		{9E8533EE-9015-4312-A772-913238A49C55}.Release|iPhone.ActiveCfg = Release|Any CPU
		{9E8533EE-9015-4312-A772-913238A49C55}.Release|iPhone.Build.0 = Release|Any CPU
		{9E8533EE-9015-4312-A772-913238A49C55}.Release|iPhoneSimulator.ActiveCfg = Release|Any CPU
		{9E8533EE-9015-4312-A772-913238A49C55}.Release|iPhoneSimulator.Build.0 = Release|Any CPU
		{9E8533EE-9015-4312-A772-913238A49C55}.Release|x64.ActiveCfg = Release|Any CPU
		{9E8533EE-9015-4312-A772-913238A49C55}.Release|x64.Build.0 = Release|Any CPU
		{9E8533EE-9015-4312-A772-913238A49C55}.Release|x86.ActiveCfg = Release|Any CPU
		{9E8533EE-9015-4312-A772-913238A49C55}.Release|x86.Build.0 = Release|Any CPU
		{8E4C8B37-01C2-4D82-A3BF-AFE5DE61FF42}.Ad-Hoc|Any CPU.ActiveCfg = Release|Any CPU
		{8E4C8B37-01C2-4D82-A3BF-AFE5DE61FF42}.Ad-Hoc|Any CPU.Build.0 = Release|Any CPU
		{8E4C8B37-01C2-4D82-A3BF-AFE5DE61FF42}.Ad-Hoc|ARM.ActiveCfg = Release|Any CPU
		{8E4C8B37-01C2-4D82-A3BF-AFE5DE61FF42}.Ad-Hoc|ARM.Build.0 = Release|Any CPU
		{8E4C8B37-01C2-4D82-A3BF-AFE5DE61FF42}.Ad-Hoc|iPhone.ActiveCfg = Release|Any CPU
		{8E4C8B37-01C2-4D82-A3BF-AFE5DE61FF42}.Ad-Hoc|iPhone.Build.0 = Release|Any CPU
		{8E4C8B37-01C2-4D82-A3BF-AFE5DE61FF42}.Ad-Hoc|iPhoneSimulator.ActiveCfg = Release|Any CPU
		{8E4C8B37-01C2-4D82-A3BF-AFE5DE61FF42}.Ad-Hoc|iPhoneSimulator.Build.0 = Release|Any CPU
		{8E4C8B37-01C2-4D82-A3BF-AFE5DE61FF42}.Ad-Hoc|x64.ActiveCfg = Release|Any CPU
		{8E4C8B37-01C2-4D82-A3BF-AFE5DE61FF42}.Ad-Hoc|x64.Build.0 = Release|Any CPU
		{8E4C8B37-01C2-4D82-A3BF-AFE5DE61FF42}.Ad-Hoc|x86.ActiveCfg = Release|Any CPU
		{8E4C8B37-01C2-4D82-A3BF-AFE5DE61FF42}.Ad-Hoc|x86.Build.0 = Release|Any CPU
		{8E4C8B37-01C2-4D82-A3BF-AFE5DE61FF42}.AppStore|Any CPU.ActiveCfg = Release|Any CPU
		{8E4C8B37-01C2-4D82-A3BF-AFE5DE61FF42}.AppStore|Any CPU.Build.0 = Release|Any CPU
		{8E4C8B37-01C2-4D82-A3BF-AFE5DE61FF42}.AppStore|ARM.ActiveCfg = Release|Any CPU
		{8E4C8B37-01C2-4D82-A3BF-AFE5DE61FF42}.AppStore|ARM.Build.0 = Release|Any CPU
		{8E4C8B37-01C2-4D82-A3BF-AFE5DE61FF42}.AppStore|iPhone.ActiveCfg = Release|Any CPU
		{8E4C8B37-01C2-4D82-A3BF-AFE5DE61FF42}.AppStore|iPhone.Build.0 = Release|Any CPU
		{8E4C8B37-01C2-4D82-A3BF-AFE5DE61FF42}.AppStore|iPhoneSimulator.ActiveCfg = Release|Any CPU
		{8E4C8B37-01C2-4D82-A3BF-AFE5DE61FF42}.AppStore|iPhoneSimulator.Build.0 = Release|Any CPU
		{8E4C8B37-01C2-4D82-A3BF-AFE5DE61FF42}.AppStore|x64.ActiveCfg = Release|Any CPU
		{8E4C8B37-01C2-4D82-A3BF-AFE5DE61FF42}.AppStore|x64.Build.0 = Release|Any CPU
		{8E4C8B37-01C2-4D82-A3BF-AFE5DE61FF42}.AppStore|x86.ActiveCfg = Release|Any CPU
		{8E4C8B37-01C2-4D82-A3BF-AFE5DE61FF42}.AppStore|x86.Build.0 = Release|Any CPU
		{8E4C8B37-01C2-4D82-A3BF-AFE5DE61FF42}.Debug|Any CPU.ActiveCfg = Debug|Any CPU
		{8E4C8B37-01C2-4D82-A3BF-AFE5DE61FF42}.Debug|Any CPU.Build.0 = Debug|Any CPU
		{8E4C8B37-01C2-4D82-A3BF-AFE5DE61FF42}.Debug|ARM.ActiveCfg = Debug|Any CPU
		{8E4C8B37-01C2-4D82-A3BF-AFE5DE61FF42}.Debug|ARM.Build.0 = Debug|Any CPU
		{8E4C8B37-01C2-4D82-A3BF-AFE5DE61FF42}.Debug|iPhone.ActiveCfg = Debug|Any CPU
		{8E4C8B37-01C2-4D82-A3BF-AFE5DE61FF42}.Debug|iPhone.Build.0 = Debug|Any CPU
		{8E4C8B37-01C2-4D82-A3BF-AFE5DE61FF42}.Debug|iPhoneSimulator.ActiveCfg = Debug|Any CPU
		{8E4C8B37-01C2-4D82-A3BF-AFE5DE61FF42}.Debug|iPhoneSimulator.Build.0 = Debug|Any CPU
		{8E4C8B37-01C2-4D82-A3BF-AFE5DE61FF42}.Debug|x64.ActiveCfg = Debug|Any CPU
		{8E4C8B37-01C2-4D82-A3BF-AFE5DE61FF42}.Debug|x64.Build.0 = Debug|Any CPU
		{8E4C8B37-01C2-4D82-A3BF-AFE5DE61FF42}.Debug|x86.ActiveCfg = Debug|Any CPU
		{8E4C8B37-01C2-4D82-A3BF-AFE5DE61FF42}.Debug|x86.Build.0 = Debug|Any CPU
		{8E4C8B37-01C2-4D82-A3BF-AFE5DE61FF42}.Release|Any CPU.ActiveCfg = Release|Any CPU
		{8E4C8B37-01C2-4D82-A3BF-AFE5DE61FF42}.Release|Any CPU.Build.0 = Release|Any CPU
		{8E4C8B37-01C2-4D82-A3BF-AFE5DE61FF42}.Release|ARM.ActiveCfg = Release|Any CPU
		{8E4C8B37-01C2-4D82-A3BF-AFE5DE61FF42}.Release|ARM.Build.0 = Release|Any CPU
		{8E4C8B37-01C2-4D82-A3BF-AFE5DE61FF42}.Release|iPhone.ActiveCfg = Release|Any CPU
		{8E4C8B37-01C2-4D82-A3BF-AFE5DE61FF42}.Release|iPhone.Build.0 = Release|Any CPU
		{8E4C8B37-01C2-4D82-A3BF-AFE5DE61FF42}.Release|iPhoneSimulator.ActiveCfg = Release|Any CPU
		{8E4C8B37-01C2-4D82-A3BF-AFE5DE61FF42}.Release|iPhoneSimulator.Build.0 = Release|Any CPU
		{8E4C8B37-01C2-4D82-A3BF-AFE5DE61FF42}.Release|x64.ActiveCfg = Release|Any CPU
		{8E4C8B37-01C2-4D82-A3BF-AFE5DE61FF42}.Release|x64.Build.0 = Release|Any CPU
		{8E4C8B37-01C2-4D82-A3BF-AFE5DE61FF42}.Release|x86.ActiveCfg = Release|Any CPU
		{8E4C8B37-01C2-4D82-A3BF-AFE5DE61FF42}.Release|x86.Build.0 = Release|Any CPU
		{10CA7289-E1ED-47AF-BD78-C819DEE3869F}.Ad-Hoc|Any CPU.ActiveCfg = Release|Any CPU
		{10CA7289-E1ED-47AF-BD78-C819DEE3869F}.Ad-Hoc|Any CPU.Build.0 = Release|Any CPU
		{10CA7289-E1ED-47AF-BD78-C819DEE3869F}.Ad-Hoc|ARM.ActiveCfg = Release|Any CPU
		{10CA7289-E1ED-47AF-BD78-C819DEE3869F}.Ad-Hoc|ARM.Build.0 = Release|Any CPU
		{10CA7289-E1ED-47AF-BD78-C819DEE3869F}.Ad-Hoc|iPhone.ActiveCfg = Release|Any CPU
		{10CA7289-E1ED-47AF-BD78-C819DEE3869F}.Ad-Hoc|iPhone.Build.0 = Release|Any CPU
		{10CA7289-E1ED-47AF-BD78-C819DEE3869F}.Ad-Hoc|iPhoneSimulator.ActiveCfg = Release|Any CPU
		{10CA7289-E1ED-47AF-BD78-C819DEE3869F}.Ad-Hoc|iPhoneSimulator.Build.0 = Release|Any CPU
		{10CA7289-E1ED-47AF-BD78-C819DEE3869F}.Ad-Hoc|x64.ActiveCfg = Release|Any CPU
		{10CA7289-E1ED-47AF-BD78-C819DEE3869F}.Ad-Hoc|x64.Build.0 = Release|Any CPU
		{10CA7289-E1ED-47AF-BD78-C819DEE3869F}.Ad-Hoc|x86.ActiveCfg = Release|Any CPU
		{10CA7289-E1ED-47AF-BD78-C819DEE3869F}.Ad-Hoc|x86.Build.0 = Release|Any CPU
		{10CA7289-E1ED-47AF-BD78-C819DEE3869F}.AppStore|Any CPU.ActiveCfg = Release|Any CPU
		{10CA7289-E1ED-47AF-BD78-C819DEE3869F}.AppStore|Any CPU.Build.0 = Release|Any CPU
		{10CA7289-E1ED-47AF-BD78-C819DEE3869F}.AppStore|ARM.ActiveCfg = Release|Any CPU
		{10CA7289-E1ED-47AF-BD78-C819DEE3869F}.AppStore|ARM.Build.0 = Release|Any CPU
		{10CA7289-E1ED-47AF-BD78-C819DEE3869F}.AppStore|iPhone.ActiveCfg = Release|Any CPU
		{10CA7289-E1ED-47AF-BD78-C819DEE3869F}.AppStore|iPhone.Build.0 = Release|Any CPU
		{10CA7289-E1ED-47AF-BD78-C819DEE3869F}.AppStore|iPhoneSimulator.ActiveCfg = Release|Any CPU
		{10CA7289-E1ED-47AF-BD78-C819DEE3869F}.AppStore|iPhoneSimulator.Build.0 = Release|Any CPU
		{10CA7289-E1ED-47AF-BD78-C819DEE3869F}.AppStore|x64.ActiveCfg = Release|Any CPU
		{10CA7289-E1ED-47AF-BD78-C819DEE3869F}.AppStore|x64.Build.0 = Release|Any CPU
		{10CA7289-E1ED-47AF-BD78-C819DEE3869F}.AppStore|x86.ActiveCfg = Release|Any CPU
		{10CA7289-E1ED-47AF-BD78-C819DEE3869F}.AppStore|x86.Build.0 = Release|Any CPU
		{10CA7289-E1ED-47AF-BD78-C819DEE3869F}.Debug|Any CPU.ActiveCfg = Debug|Any CPU
		{10CA7289-E1ED-47AF-BD78-C819DEE3869F}.Debug|Any CPU.Build.0 = Debug|Any CPU
		{10CA7289-E1ED-47AF-BD78-C819DEE3869F}.Debug|ARM.ActiveCfg = Debug|Any CPU
		{10CA7289-E1ED-47AF-BD78-C819DEE3869F}.Debug|ARM.Build.0 = Debug|Any CPU
		{10CA7289-E1ED-47AF-BD78-C819DEE3869F}.Debug|iPhone.ActiveCfg = Debug|Any CPU
		{10CA7289-E1ED-47AF-BD78-C819DEE3869F}.Debug|iPhone.Build.0 = Debug|Any CPU
		{10CA7289-E1ED-47AF-BD78-C819DEE3869F}.Debug|iPhoneSimulator.ActiveCfg = Debug|Any CPU
		{10CA7289-E1ED-47AF-BD78-C819DEE3869F}.Debug|iPhoneSimulator.Build.0 = Debug|Any CPU
		{10CA7289-E1ED-47AF-BD78-C819DEE3869F}.Debug|x64.ActiveCfg = Debug|Any CPU
		{10CA7289-E1ED-47AF-BD78-C819DEE3869F}.Debug|x64.Build.0 = Debug|Any CPU
		{10CA7289-E1ED-47AF-BD78-C819DEE3869F}.Debug|x86.ActiveCfg = Debug|Any CPU
		{10CA7289-E1ED-47AF-BD78-C819DEE3869F}.Debug|x86.Build.0 = Debug|Any CPU
		{10CA7289-E1ED-47AF-BD78-C819DEE3869F}.Release|Any CPU.ActiveCfg = Release|Any CPU
		{10CA7289-E1ED-47AF-BD78-C819DEE3869F}.Release|Any CPU.Build.0 = Release|Any CPU
		{10CA7289-E1ED-47AF-BD78-C819DEE3869F}.Release|ARM.ActiveCfg = Release|Any CPU
		{10CA7289-E1ED-47AF-BD78-C819DEE3869F}.Release|ARM.Build.0 = Release|Any CPU
		{10CA7289-E1ED-47AF-BD78-C819DEE3869F}.Release|iPhone.ActiveCfg = Release|Any CPU
		{10CA7289-E1ED-47AF-BD78-C819DEE3869F}.Release|iPhone.Build.0 = Release|Any CPU
		{10CA7289-E1ED-47AF-BD78-C819DEE3869F}.Release|iPhoneSimulator.ActiveCfg = Release|Any CPU
		{10CA7289-E1ED-47AF-BD78-C819DEE3869F}.Release|iPhoneSimulator.Build.0 = Release|Any CPU
		{10CA7289-E1ED-47AF-BD78-C819DEE3869F}.Release|x64.ActiveCfg = Release|Any CPU
		{10CA7289-E1ED-47AF-BD78-C819DEE3869F}.Release|x64.Build.0 = Release|Any CPU
		{10CA7289-E1ED-47AF-BD78-C819DEE3869F}.Release|x86.ActiveCfg = Release|Any CPU
		{10CA7289-E1ED-47AF-BD78-C819DEE3869F}.Release|x86.Build.0 = Release|Any CPU
	EndGlobalSection
	GlobalSection(SolutionProperties) = preSolution
		HideSolutionNode = FALSE
	EndGlobalSection
	GlobalSection(ExtensibilityGlobals) = postSolution
		SolutionGuid = {4BD15C8D-37E3-473D-A809-B92056991A8B}
	EndGlobalSection
EndGlobal
